{"version":4,"terraform_version":"1.11.2","serial":70,"lineage":"cdfd1156-e68d-f8d6-71f4-2cf2ffbc26e9","outputs":{"project_id":{"value":"blabbertabber","type":"string"},"region":{"value":"us-central1","type":"string"},"zone":{"value":"us-central1-a","type":"string"}},"resources":[{"mode":"managed","type":"google_compute_firewall","name":"ns-gce","provider":"provider[\"registry.opentofu.org/hashicorp/google\"]","instances":[{"schema_version":1,"attributes":{"allow":[{"ports":[],"protocol":"icmp"},{"ports":[],"protocol":"tcp"},{"ports":[],"protocol":"udp"}],"creation_timestamp":"2024-06-28T13:36:17.016-07:00","deny":[],"description":"","destination_ranges":[],"direction":"INGRESS","disabled":false,"enable_logging":null,"id":"projects/blabbertabber/global/firewalls/ns-gce","log_config":[],"name":"ns-gce","network":"https://www.googleapis.com/compute/v1/projects/blabbertabber/global/networks/ns-gce-vpc","params":[],"priority":1000,"project":"blabbertabber","self_link":"https://www.googleapis.com/compute/v1/projects/blabbertabber/global/firewalls/ns-gce","source_ranges":[],"source_service_accounts":[],"source_tags":["web"],"target_service_accounts":[],"target_tags":[],"timeouts":null},"sensitive_attributes":[],"private":"eyJlMmJmYjczMC1lY2FhLTExZTYtOGY4OC0zNDM2M2JjN2M0YzAiOnsiY3JlYXRlIjoxMjAwMDAwMDAwMDAwLCJkZWxldGUiOjEyMDAwMDAwMDAwMDAsInVwZGF0ZSI6MTIwMDAwMDAwMDAwMH0sInNjaGVtYV92ZXJzaW9uIjoiMSJ9","dependencies":["google_compute_network.vpc"]}]},{"mode":"managed","type":"google_compute_network","name":"vpc","provider":"provider[\"registry.opentofu.org/hashicorp/google\"]","instances":[{"schema_version":0,"attributes":{"auto_create_subnetworks":false,"bgp_always_compare_med":false,"bgp_best_path_selection_mode":"LEGACY","bgp_inter_region_cost":"","delete_bgp_always_compare_med":false,"delete_default_routes_on_create":false,"description":"","enable_ula_internal_ipv6":false,"gateway_ipv4":"","id":"projects/blabbertabber/global/networks/ns-gce-vpc","internal_ipv6_range":"","mtu":0,"name":"ns-gce-vpc","network_firewall_policy_enforcement_order":"AFTER_CLASSIC_FIREWALL","network_id":"5155236243380254394","network_profile":"","numeric_id":"5155236243380254394","params":[],"project":"blabbertabber","routing_mode":"REGIONAL","self_link":"https://www.googleapis.com/compute/v1/projects/blabbertabber/global/networks/ns-gce-vpc","timeouts":null},"sensitive_attributes":[],"private":"eyJlMmJmYjczMC1lY2FhLTExZTYtOGY4OC0zNDM2M2JjN2M0YzAiOnsiY3JlYXRlIjoxMjAwMDAwMDAwMDAwLCJkZWxldGUiOjEyMDAwMDAwMDAwMDAsInVwZGF0ZSI6MTIwMDAwMDAwMDAwMH19"}]},{"mode":"managed","type":"google_compute_subnetwork","name":"subnet","provider":"provider[\"registry.opentofu.org/hashicorp/google\"]","instances":[{"schema_version":0,"attributes":{"creation_timestamp":"2023-11-08T05:08:59.320-08:00","description":"","external_ipv6_prefix":"2600:1900:4000:4d12:0:0:0:0/64","fingerprint":null,"gateway_address":"10.243.0.1","id":"projects/blabbertabber/regions/us-central1/subnetworks/ns-gce-subnet","internal_ipv6_prefix":"","ip_cidr_range":"10.243.0.0/24","ip_collection":null,"ipv6_access_type":"EXTERNAL","ipv6_cidr_range":"","ipv6_gce_endpoint":"VM_AND_FR","log_config":[],"name":"ns-gce-subnet","network":"https://www.googleapis.com/compute/v1/projects/blabbertabber/global/networks/ns-gce-vpc","params":[],"private_ip_google_access":false,"private_ipv6_google_access":"DISABLE_GOOGLE_ACCESS","project":"blabbertabber","purpose":"PRIVATE","region":"us-central1","reserved_internal_range":"","role":"","secondary_ip_range":[],"self_link":"https://www.googleapis.com/compute/v1/projects/blabbertabber/regions/us-central1/subnetworks/ns-gce-subnet","send_secondary_ip_range_if_empty":null,"stack_type":"IPV4_IPV6","state":"","subnetwork_id":611902048193361540,"timeouts":null},"sensitive_attributes":[],"private":"eyJlMmJmYjczMC1lY2FhLTExZTYtOGY4OC0zNDM2M2JjN2M0YzAiOnsiY3JlYXRlIjoxMjAwMDAwMDAwMDAwLCJkZWxldGUiOjEyMDAwMDAwMDAwMDAsInVwZGF0ZSI6MTIwMDAwMDAwMDAwMH19","dependencies":["google_compute_network.vpc"]}]}],"check_results":null}
