{
  "version": 4,
  "terraform_version": "0.14.7",
  "serial": 89,
  "lineage": "bca8857c-76c4-172b-a88d-bc24a9b3e0d5",
  "outputs": {
    "k8s_elastic_IPv4": {
      "value": "23.22.28.126",
      "type": "string"
    },
    "k8s_public_IPv6": {
      "value": [
        [
          "2600:1f18:1dab:de00::17"
        ]
      ],
      "type": [
        "tuple",
        [
          [
            "list",
            "string"
          ]
        ]
      ]
    }
  },
  "resources": [
    {
      "mode": "data",
      "type": "aws_eip",
      "name": "k8s",
      "provider": "provider[\"registry.terraform.io/hashicorp/aws\"]",
      "instances": [
        {
          "schema_version": 0,
          "attributes": {
            "association_id": "",
            "carrier_ip": "",
            "customer_owned_ip": "",
            "customer_owned_ipv4_pool": "",
            "domain": "vpc",
            "filter": null,
            "id": "eipalloc-099d09df1f73ec6a0",
            "instance_id": "",
            "network_interface_id": "",
            "network_interface_owner_id": "",
            "private_dns": null,
            "private_ip": "",
            "public_dns": "ec2-23-22-28-126.compute-1.amazonaws.com",
            "public_ip": "23.22.28.126",
            "public_ipv4_pool": "amazon",
            "tags": {}
          },
          "sensitive_attributes": []
        }
      ]
    },
    {
      "mode": "managed",
      "type": "aws_default_route_table",
      "name": "k8s",
      "provider": "provider[\"registry.terraform.io/hashicorp/aws\"]",
      "instances": [
        {
          "schema_version": 0,
          "attributes": {
            "default_route_table_id": "rtb-0bfbb5acbc9f45213",
            "id": "rtb-0bfbb5acbc9f45213",
            "owner_id": "288053528466",
            "propagating_vgws": [],
            "route": [
              {
                "cidr_block": "",
                "egress_only_gateway_id": "",
                "gateway_id": "igw-0b2e07b7004b7d85e",
                "instance_id": "",
                "ipv6_cidr_block": "::/0",
                "nat_gateway_id": "",
                "network_interface_id": "",
                "transit_gateway_id": "",
                "vpc_endpoint_id": "",
                "vpc_peering_connection_id": ""
              },
              {
                "cidr_block": "0.0.0.0/0",
                "egress_only_gateway_id": "",
                "gateway_id": "igw-0b2e07b7004b7d85e",
                "instance_id": "",
                "ipv6_cidr_block": "",
                "nat_gateway_id": "",
                "network_interface_id": "",
                "transit_gateway_id": "",
                "vpc_endpoint_id": "",
                "vpc_peering_connection_id": ""
              }
            ],
            "tags": {},
            "vpc_id": "vpc-0527d074c01ed7ec6"
          },
          "sensitive_attributes": [],
          "private": "bnVsbA==",
          "dependencies": [
            "aws_internet_gateway.k8s",
            "aws_vpc.k8s"
          ]
        }
      ]
    },
    {
      "mode": "managed",
      "type": "aws_eip_association",
      "name": "k8s",
      "provider": "provider[\"registry.terraform.io/hashicorp/aws\"]",
      "instances": [
        {
          "schema_version": 0,
          "attributes": {
            "allocation_id": "eipalloc-099d09df1f73ec6a0",
            "allow_reassociation": null,
            "id": "eipassoc-08ae7d7a3008d4e12",
            "instance_id": "i-05270066d695f4a14",
            "network_interface_id": "eni-04c6616df44fdae59",
            "private_ip_address": "10.240.1.23",
            "public_ip": "23.22.28.126"
          },
          "sensitive_attributes": [],
          "private": "bnVsbA==",
          "dependencies": [
            "aws_instance.k8s",
            "data.aws_eip.k8s"
          ]
        }
      ]
    },
    {
      "mode": "managed",
      "type": "aws_instance",
      "name": "k8s",
      "provider": "provider[\"registry.terraform.io/hashicorp/aws\"]",
      "instances": [
        {
          "schema_version": 1,
          "attributes": {
            "ami": "ami-07b7fa952a4ad5fd2",
            "arn": "arn:aws:ec2:us-east-1:288053528466:instance/i-05270066d695f4a14",
            "associate_public_ip_address": true,
            "availability_zone": "us-east-1f",
            "cpu_core_count": 2,
            "cpu_threads_per_core": 1,
            "credit_specification": [],
            "disable_api_termination": false,
            "ebs_block_device": [],
            "ebs_optimized": false,
            "enclave_options": [
              {
                "enabled": false
              }
            ],
            "ephemeral_block_device": [],
            "get_password_data": false,
            "hibernation": false,
            "host_id": null,
            "iam_instance_profile": "",
            "id": "i-05270066d695f4a14",
            "instance_initiated_shutdown_behavior": null,
            "instance_state": "running",
            "instance_type": "t4g.micro",
            "ipv6_address_count": 1,
            "ipv6_addresses": [
              "2600:1f18:1dab:de00::17"
            ],
            "key_name": "k8s",
            "metadata_options": [
              {
                "http_endpoint": "enabled",
                "http_put_response_hop_limit": 1,
                "http_tokens": "optional"
              }
            ],
            "monitoring": false,
            "network_interface": [],
            "outpost_arn": "",
            "password_data": "",
            "placement_group": "",
            "primary_network_interface_id": "eni-04c6616df44fdae59",
            "private_dns": "ip-10-240-1-23.ec2.internal",
            "private_ip": "10.240.1.23",
            "public_dns": "",
            "public_ip": "18.235.65.168",
            "root_block_device": [
              {
                "delete_on_termination": true,
                "device_name": "/dev/sda1",
                "encrypted": false,
                "iops": 100,
                "kms_key_id": "",
                "tags": {},
                "throughput": 0,
                "volume_id": "vol-09da4fdb2f039d34e",
                "volume_size": 6,
                "volume_type": "gp2"
              }
            ],
            "secondary_private_ips": [],
            "security_groups": [],
            "source_dest_check": true,
            "subnet_id": "subnet-06b1319ccdc58ea42",
            "tags": {
              "Name": "k8s Fedora 33 aarch64"
            },
            "tenancy": "default",
            "timeouts": null,
            "user_data": null,
            "user_data_base64": null,
            "volume_tags": null,
            "vpc_security_group_ids": [
              "sg-051f4a7b1e6e2a6cb"
            ]
          },
          "sensitive_attributes": [],
          "private": "eyJlMmJmYjczMC1lY2FhLTExZTYtOGY4OC0zNDM2M2JjN2M0YzAiOnsiY3JlYXRlIjo2MDAwMDAwMDAwMDAsImRlbGV0ZSI6MTIwMDAwMDAwMDAwMCwidXBkYXRlIjo2MDAwMDAwMDAwMDB9LCJzY2hlbWFfdmVyc2lvbiI6IjEifQ==",
          "dependencies": [
            "aws_key_pair.k8s",
            "aws_security_group.allow_everything",
            "aws_subnet.k8s",
            "aws_vpc.k8s"
          ]
        }
      ]
    },
    {
      "mode": "managed",
      "type": "aws_internet_gateway",
      "name": "k8s",
      "provider": "provider[\"registry.terraform.io/hashicorp/aws\"]",
      "instances": [
        {
          "schema_version": 0,
          "attributes": {
            "arn": "arn:aws:ec2:us-east-1:288053528466:internet-gateway/igw-0b2e07b7004b7d85e",
            "id": "igw-0b2e07b7004b7d85e",
            "owner_id": "288053528466",
            "tags": {},
            "vpc_id": "vpc-0527d074c01ed7ec6"
          },
          "sensitive_attributes": [],
          "private": "bnVsbA==",
          "dependencies": [
            "aws_vpc.k8s"
          ]
        }
      ]
    },
    {
      "mode": "managed",
      "type": "aws_key_pair",
      "name": "k8s",
      "provider": "provider[\"registry.terraform.io/hashicorp/aws\"]",
      "instances": [
        {
          "schema_version": 1,
          "attributes": {
            "arn": "arn:aws:ec2:us-east-1:288053528466:key-pair/k8s",
            "fingerprint": "35:54:20:f6:67:91:cb:66:d5:a6:9d:8c:36:8c:df:1d",
            "id": "k8s",
            "key_name": "k8s",
            "key_name_prefix": null,
            "key_pair_id": "key-04cd6d9060e26a081",
            "public_key": "ssh-rsa AAAAB3NzaC1yc2EAAAADAQABAAABgQDksYxt4WhOyDZA/5jtY68Jp1NXDwj5yTiXvu5e0htyt1Z+oyp2exiNiiHcZ49e/DIb/+pLopxZJXndM+osYex7MuJ5Z2NLc9Dymj+zGKbfDatflcyNcqULA+Dtl4wrfEFWhZC0WoHY7f94MtszW0kU4jSuiP0IkQGw47XrsPe8irwQJK1O8mj5ygm6dsMcSRUV0fItltXGLQ95ANxg2YLOL9Kpbul2c6s08qcWJ35QBHTZyBP8Hryb2CkUdbW6sJCv5GuQ9DG0D2q5kYpSsznd3tnvl7AC3nUI4ENFaYF9LlYp28ohRG2LHl6A/r3u8ghYqSH5Qz4PV4CxX/Z0EEoSXflFWgYedb/5nYsEkly0DOpmOULqkobJg8ki3gBOzL5LEO8uI6uGzJz5XSbRzSDSTDPpUxcm5I5OA9kVTSq1jE7wxn4IA6kd1UvXRc2w/yxMa43W0L22lWHJjFIIbrYe6ymy6IxMmKLJpdh38aRXv7PzCM+rUmnm4Fpcko9xF68= brian.cunnie@gmail.com",
            "tags": {}
          },
          "sensitive_attributes": [],
          "private": "eyJzY2hlbWFfdmVyc2lvbiI6IjEifQ=="
        }
      ]
    },
    {
      "mode": "managed",
      "type": "aws_route_table_association",
      "name": "k8s",
      "provider": "provider[\"registry.terraform.io/hashicorp/aws\"]",
      "instances": [
        {
          "schema_version": 0,
          "attributes": {
            "gateway_id": null,
            "id": "rtbassoc-07bfa1833fc8e02fe",
            "route_table_id": "rtb-0bfbb5acbc9f45213",
            "subnet_id": "subnet-06b1319ccdc58ea42"
          },
          "sensitive_attributes": [],
          "private": "bnVsbA==",
          "dependencies": [
            "aws_default_route_table.k8s",
            "aws_internet_gateway.k8s",
            "aws_subnet.k8s",
            "aws_vpc.k8s"
          ]
        }
      ]
    },
    {
      "mode": "managed",
      "type": "aws_security_group",
      "name": "allow_everything",
      "provider": "provider[\"registry.terraform.io/hashicorp/aws\"]",
      "instances": [
        {
          "schema_version": 1,
          "attributes": {
            "arn": "arn:aws:ec2:us-east-1:288053528466:security-group/sg-051f4a7b1e6e2a6cb",
            "description": "we are bold, we are brave, we are naked (as far as firewalls are concerned)",
            "egress": [
              {
                "cidr_blocks": [
                  "0.0.0.0/0"
                ],
                "description": "",
                "from_port": 0,
                "ipv6_cidr_blocks": [
                  "::/0"
                ],
                "prefix_list_ids": [],
                "protocol": "-1",
                "security_groups": [],
                "self": false,
                "to_port": 0
              }
            ],
            "id": "sg-051f4a7b1e6e2a6cb",
            "ingress": [
              {
                "cidr_blocks": [
                  "0.0.0.0/0"
                ],
                "description": "",
                "from_port": 0,
                "ipv6_cidr_blocks": [
                  "::/0"
                ],
                "prefix_list_ids": [],
                "protocol": "-1",
                "security_groups": [],
                "self": false,
                "to_port": 0
              }
            ],
            "name": "allow_everything",
            "name_prefix": "",
            "owner_id": "288053528466",
            "revoke_rules_on_delete": false,
            "tags": {
              "Name": "allow_everything"
            },
            "timeouts": null,
            "vpc_id": "vpc-0527d074c01ed7ec6"
          },
          "sensitive_attributes": [],
          "private": "eyJlMmJmYjczMC1lY2FhLTExZTYtOGY4OC0zNDM2M2JjN2M0YzAiOnsiY3JlYXRlIjo2MDAwMDAwMDAwMDAsImRlbGV0ZSI6NjAwMDAwMDAwMDAwfSwic2NoZW1hX3ZlcnNpb24iOiIxIn0=",
          "dependencies": [
            "aws_vpc.k8s"
          ]
        }
      ]
    },
    {
      "mode": "managed",
      "type": "aws_subnet",
      "name": "k8s",
      "provider": "provider[\"registry.terraform.io/hashicorp/aws\"]",
      "instances": [
        {
          "schema_version": 1,
          "attributes": {
            "arn": "arn:aws:ec2:us-east-1:288053528466:subnet/subnet-06b1319ccdc58ea42",
            "assign_ipv6_address_on_creation": false,
            "availability_zone": "us-east-1f",
            "availability_zone_id": "use1-az5",
            "cidr_block": "10.240.1.0/24",
            "customer_owned_ipv4_pool": "",
            "id": "subnet-06b1319ccdc58ea42",
            "ipv6_cidr_block": "2600:1f18:1dab:de00::/64",
            "ipv6_cidr_block_association_id": "subnet-cidr-assoc-0cfba34b37b212b7f",
            "map_customer_owned_ip_on_launch": false,
            "map_public_ip_on_launch": false,
            "outpost_arn": "",
            "owner_id": "288053528466",
            "tags": {
              "Name": "k8s"
            },
            "timeouts": null,
            "vpc_id": "vpc-0527d074c01ed7ec6"
          },
          "sensitive_attributes": [],
          "private": "eyJlMmJmYjczMC1lY2FhLTExZTYtOGY4OC0zNDM2M2JjN2M0YzAiOnsiY3JlYXRlIjo2MDAwMDAwMDAwMDAsImRlbGV0ZSI6MTIwMDAwMDAwMDAwMH0sInNjaGVtYV92ZXJzaW9uIjoiMSJ9",
          "dependencies": [
            "aws_vpc.k8s"
          ]
        }
      ]
    },
    {
      "mode": "managed",
      "type": "aws_vpc",
      "name": "k8s",
      "provider": "provider[\"registry.terraform.io/hashicorp/aws\"]",
      "instances": [
        {
          "schema_version": 1,
          "attributes": {
            "arn": "arn:aws:ec2:us-east-1:288053528466:vpc/vpc-0527d074c01ed7ec6",
            "assign_generated_ipv6_cidr_block": true,
            "cidr_block": "10.240.0.0/16",
            "default_network_acl_id": "acl-0c280434253d7fec0",
            "default_route_table_id": "rtb-0bfbb5acbc9f45213",
            "default_security_group_id": "sg-02126308e0508d539",
            "dhcp_options_id": "dopt-63836a06",
            "enable_classiclink": false,
            "enable_classiclink_dns_support": false,
            "enable_dns_hostnames": false,
            "enable_dns_support": true,
            "id": "vpc-0527d074c01ed7ec6",
            "instance_tenancy": "default",
            "ipv6_association_id": "vpc-cidr-assoc-0b06883c63fdb7aa6",
            "ipv6_cidr_block": "2600:1f18:1dab:de00::/56",
            "main_route_table_id": "rtb-0bfbb5acbc9f45213",
            "owner_id": "288053528466",
            "tags": {
              "Name": "k8s"
            }
          },
          "sensitive_attributes": [],
          "private": "eyJzY2hlbWFfdmVyc2lvbiI6IjEifQ=="
        }
      ]
    }
  ]
}
