{"version":4,"terraform_version":"1.10.6","serial":25,"lineage":"5029003a-580a-3276-b1c5-16363cefd676","outputs":{"vm_info":{"value":{"cores":4,"memory":65536,"name":"concourse","node":"pve","vmid":2224},"type":["object",{"cores":"number","memory":"number","name":"string","node":"string","vmid":"number"}]}},"resources":[{"mode":"managed","type":"proxmox_virtual_environment_file","name":"cloud_config","provider":"provider[\"registry.opentofu.org/bpg/proxmox\"]","instances":[{"schema_version":0,"attributes":{"content_type":"snippets","datastore_id":"local","file_mode":null,"file_modification_date":"2025-10-06T13:41:33Z","file_name":"cloud-init-ci.yaml","file_size":5306,"file_tag":"68e3c70d-14ba","id":"local:snippets/cloud-init-ci.yaml","node_name":"pve","overwrite":true,"source_file":[{"changed":false,"checksum":"","file_name":"","insecure":false,"min_tls":"","path":"cloud-init-ci.yaml"}],"source_raw":[],"timeout_upload":1800},"sensitive_attributes":[],"private":"bnVsbA=="}]},{"mode":"managed","type":"proxmox_virtual_environment_vm","name":"concourse","provider":"provider[\"registry.opentofu.org/bpg/proxmox\"]","instances":[{"schema_version":0,"attributes":{"acpi":true,"agent":[{"enabled":true,"timeout":"15m","trim":false,"type":"virtio"}],"amd_sev":[],"audio_device":[],"bios":"seabios","boot_order":["scsi0"],"cdrom":[],"clone":[{"datastore_id":"","full":true,"node_name":"","retries":1,"vm_id":1000}],"cpu":[{"affinity":"","architecture":"","cores":4,"flags":null,"hotplugged":0,"limit":0,"numa":false,"sockets":1,"type":"host","units":1024}],"description":null,"disk":[{"aio":"io_uring","backup":true,"cache":"none","datastore_id":"local-lvm","discard":"ignore","file_format":"raw","file_id":"","import_from":"","interface":"scsi0","iothread":false,"path_in_datastore":"vm-2224-disk-0","replicate":true,"serial":"","size":384,"speed":[],"ssd":false}],"efi_disk":[],"hook_script_file_id":null,"hostpci":[],"id":"2224","initialization":[{"datastore_id":"local-lvm","dns":[{"domain":"","servers":["8.8.8.8","8.8.4.4"]}],"interface":"ide2","ip_config":[{"ipv4":[{"address":"10.9.2.224/24","gateway":"10.9.2.1"}],"ipv6":[{"address":"2601:646:100:69f1::e0/64","gateway":"2601:646:100:69f1::"}]}],"meta_data_file_id":"","network_data_file_id":"","type":"","user_account":[],"user_data_file_id":"local:snippets/cloud-init-ci.yaml","vendor_data_file_id":""}],"ipv4_addresses":[["127.0.0.1"],["10.9.2.224"]],"ipv6_addresses":[["::1"],["2601:646:100:69f1::e0","fe80::ff:fe00:2e0"]],"keyboard_layout":"en-us","kvm_arguments":null,"mac_addresses":["00:00:00:00:00:00","02:00:00:00:02:E0"],"machine":null,"memory":[{"dedicated":65536,"floating":0,"hugepages":"","keep_hugepages":false,"shared":0}],"migrate":false,"name":"concourse","network_device":[{"bridge":"vmbr0","disconnected":false,"enabled":true,"firewall":false,"mac_address":"02:00:00:00:02:e0","model":"virtio","mtu":0,"queues":0,"rate_limit":0,"trunks":"","vlan_id":2}],"network_interface_names":["lo","eth0"],"node_name":"pve","numa":[],"on_boot":true,"operating_system":[{"type":"l26"}],"pool_id":null,"protection":false,"reboot":false,"reboot_after_update":true,"rng":[],"scsi_hardware":"virtio-scsi-pci","serial_device":[],"smbios":[],"started":true,"startup":[],"stop_on_destroy":false,"tablet_device":true,"tags":null,"template":false,"timeout_clone":1800,"timeout_create":1800,"timeout_migrate":1800,"timeout_move_disk":1800,"timeout_reboot":1800,"timeout_shutdown_vm":1800,"timeout_start_vm":1800,"timeout_stop_vm":300,"tpm_state":[],"usb":[],"vga":[{"clipboard":"","memory":16,"type":"serial0"}],"virtiofs":[],"vm_id":2224,"watchdog":[]},"sensitive_attributes":[],"private":"bnVsbA==","dependencies":["proxmox_virtual_environment_file.cloud_config"]}]}],"check_results":null}
