{
  "version": 4,
  "terraform_version": "1.1.2",
  "serial": 171,
  "lineage": "6fa9c841-e347-17fe-cb74-2b5d692a0d23",
  "outputs": {
    "kubernetes_cluster_host": {
      "value": "34.135.132.182",
      "type": "string"
    },
    "kubernetes_cluster_name": {
      "value": "nono-gke",
      "type": "string"
    },
    "project_id": {
      "value": "blabbertabber",
      "type": "string"
    },
    "region": {
      "value": "us-central1",
      "type": "string"
    },
    "zone": {
      "value": "us-central1-f",
      "type": "string"
    }
  },
  "resources": [
    {
      "mode": "managed",
      "type": "google_compute_network",
      "name": "vpc",
      "provider": "provider[\"registry.terraform.io/hashicorp/google\"]",
      "instances": [
        {
          "schema_version": 0,
          "attributes": {
            "auto_create_subnetworks": false,
            "delete_default_routes_on_create": false,
            "description": "",
            "gateway_ipv4": "",
            "id": "projects/blabbertabber/global/networks/nono-vpc",
            "mtu": 0,
            "name": "nono-vpc",
            "project": "blabbertabber",
            "routing_mode": "REGIONAL",
            "self_link": "https://www.googleapis.com/compute/v1/projects/blabbertabber/global/networks/nono-vpc",
            "timeouts": null
          },
          "sensitive_attributes": [],
          "private": "eyJlMmJmYjczMC1lY2FhLTExZTYtOGY4OC0zNDM2M2JjN2M0YzAiOnsiY3JlYXRlIjoyNDAwMDAwMDAwMDAsImRlbGV0ZSI6MjQwMDAwMDAwMDAwLCJ1cGRhdGUiOjI0MDAwMDAwMDAwMH19"
        }
      ]
    },
    {
      "mode": "managed",
      "type": "google_compute_subnetwork",
      "name": "subnet",
      "provider": "provider[\"registry.terraform.io/hashicorp/google\"]",
      "instances": [
        {
          "schema_version": 0,
          "attributes": {
            "creation_timestamp": "2022-01-08T07:25:24.157-08:00",
            "description": "",
            "external_ipv6_prefix": "",
            "fingerprint": null,
            "gateway_address": "10.242.0.1",
            "id": "projects/blabbertabber/regions/us-central1/subnetworks/nono-subnet",
            "ip_cidr_range": "10.242.0.0/24",
            "ipv6_access_type": "",
            "ipv6_cidr_range": "",
            "log_config": [],
            "name": "nono-subnet",
            "network": "https://www.googleapis.com/compute/v1/projects/blabbertabber/global/networks/nono-vpc",
            "private_ip_google_access": false,
            "private_ipv6_google_access": "DISABLE_GOOGLE_ACCESS",
            "project": "blabbertabber",
            "purpose": "PRIVATE",
            "region": "us-central1",
            "role": "",
            "secondary_ip_range": [
              {
                "ip_cidr_range": "10.200.0.0/16",
                "range_name": "pod-range"
              },
              {
                "ip_cidr_range": "10.32.0.0/24",
                "range_name": "services-range"
              }
            ],
            "self_link": "https://www.googleapis.com/compute/v1/projects/blabbertabber/regions/us-central1/subnetworks/nono-subnet",
            "stack_type": "IPV4_ONLY",
            "timeouts": null
          },
          "sensitive_attributes": [],
          "private": "eyJlMmJmYjczMC1lY2FhLTExZTYtOGY4OC0zNDM2M2JjN2M0YzAiOnsiY3JlYXRlIjozNjAwMDAwMDAwMDAsImRlbGV0ZSI6MzYwMDAwMDAwMDAwLCJ1cGRhdGUiOjM2MDAwMDAwMDAwMH19",
          "dependencies": [
            "google_compute_network.vpc"
          ]
        }
      ]
    },
    {
      "mode": "managed",
      "type": "google_container_cluster",
      "name": "primary",
      "provider": "provider[\"registry.terraform.io/hashicorp/google\"]",
      "instances": [
        {
          "schema_version": 1,
          "attributes": {
            "addons_config": [
              {
                "cloudrun_config": [],
                "horizontal_pod_autoscaling": [],
                "http_load_balancing": [],
                "network_policy_config": [
                  {
                    "disabled": true
                  }
                ]
              }
            ],
            "authenticator_groups_config": [],
            "cluster_autoscaling": [
              {
                "auto_provisioning_defaults": [],
                "enabled": false,
                "resource_limits": []
              }
            ],
            "cluster_ipv4_cidr": "10.200.0.0/16",
            "confidential_nodes": [],
            "database_encryption": [
              {
                "key_name": "",
                "state": "DECRYPTED"
              }
            ],
            "datapath_provider": "",
            "default_max_pods_per_node": 110,
            "default_snat_status": [
              {
                "disabled": false
              }
            ],
            "description": "",
            "enable_autopilot": false,
            "enable_binary_authorization": false,
            "enable_intranode_visibility": false,
            "enable_kubernetes_alpha": false,
            "enable_legacy_abac": false,
            "enable_shielded_nodes": true,
            "enable_tpu": false,
            "endpoint": "34.135.132.182",
            "id": "projects/blabbertabber/locations/us-central1-f/clusters/nono-gke",
            "initial_node_count": 1,
            "ip_allocation_policy": [
              {
                "cluster_ipv4_cidr_block": "10.200.0.0/16",
                "cluster_secondary_range_name": "pod-range",
                "services_ipv4_cidr_block": "10.32.0.0/24",
                "services_secondary_range_name": "services-range"
              }
            ],
            "label_fingerprint": "a9dc16a7",
            "location": "us-central1-f",
            "logging_config": [
              {
                "enable_components": [
                  "SYSTEM_COMPONENTS",
                  "WORKLOADS"
                ]
              }
            ],
            "logging_service": "logging.googleapis.com/kubernetes",
            "maintenance_policy": [],
            "master_auth": [
              {
                "client_certificate": "",
                "client_certificate_config": [
                  {
                    "issue_client_certificate": false
                  }
                ],
                "client_key": "",
                "cluster_ca_certificate": "LS0tLS1CRUdJTiBDRVJUSUZJQ0FURS0tLS0tCk1JSUVMVENDQXBXZ0F3SUJBZ0lSQU9JN0Nzc2RhZko1TTcvNUppZjlqa0V3RFFZSktvWklodmNOQVFFTEJRQXcKTHpFdE1Dc0dBMVVFQXhNa1pEZzJNelkyWW1RdE5XUXdOaTAwTXpsbUxUaGhOMlV0TkdNNVpqRXdaRE14WlRZMgpNQ0FYRFRJeU1ERXdPREUwTWpVMU9Gb1lEekl3TlRJd01UQXhNVFV5TlRVNFdqQXZNUzB3S3dZRFZRUURFeVJrCk9EWXpOalppWkMwMVpEQTJMVFF6T1dZdE9HRTNaUzAwWXpsbU1UQmtNekZsTmpZd2dnR2lNQTBHQ1NxR1NJYjMKRFFFQkFRVUFBNElCandBd2dnR0tBb0lCZ1FDdmpsbzY4SVljYmwrRmttVHJ3THR6azVVYklid1d5b0wwS1RjcApSN1FGNFgzYW1SVnF0VU01aVlUM1kwSzVTTFFPeFN2Q2tnK2wvVEM0aFFtcUxmdnRIVVFDM216MUF4bm54WkMxCm5ZOEZvR0M4WFlxWi9XSVdReDBxMDBWYm9ZZmlJTUFqOHNxSUR2azJ1d2xBWDBrS0dsNGx4eElZS0ptOXRscjIKRFJ6RnQwcHVPa2dmeU9OTnVPT2lOZnJEd1l5NXFackR4OFFjNnh6VzdkLys0NFZQdTR0RFhzKy8yNUhXVU82Qwpmd0p3WXAwdGFtREgxRHFHaW45VUV2SDBDSkdrb0ZOYVp2MXdUZlM3cmFUMnNTYzNKd0paaEFWVHkvanNsUjB5CmhKbyszSkE4MDhUOHNTemlDOEpRQkZzMW53RmJJMktyNVhhZ0x0Q1huMGt3amRXeUU1OGNOSGM1UnFaUHBHc3QKZXJLMFdTOXJJOGEwU1FBME9paTgwSW95ZFRMa2UrUzZBeHVKRlF5bzJDdWsvTWRFWU50ZzU4T0xTZi9FRXRiTApVZ0JYdVZ5REZ0NlRSSzZ0c2JUMFpFOTIyOTZnMWNJRzdyMElydTQ5UGxBaVI2SHR6SWRaSng2NTVyMytWdFhUCnI1UjFJZkhUS2xBVjBIaHdvV2tpQUJBQWFxMENBd0VBQWFOQ01FQXdEZ1lEVlIwUEFRSC9CQVFEQWdJRU1BOEcKQTFVZEV3RUIvd1FGTUFNQkFmOHdIUVlEVlIwT0JCWUVGR29HNE5zUS9nOXdwRXBPSklSZXhrbkFTT29YTUEwRwpDU3FHU0liM0RRRUJDd1VBQTRJQmdRQkEzN09yTmltell5eitHR2FCMVZEcWRkWDZUbU9sLzlLVSt0TlovVTJECnBvYlNEMGUvVVA0ZFBwRUNMd2drMzlzMEVqMUtMUWs3bTVkenpqSEloWjNJdXN4eW0zR3NZUWtHMUtxWC9TV1YKM29xVnY3NWhtakFtdU90azljR09FZGhFOEJhQ3kwUVRVVFRKZ1BmaE9ZOW1DTno5MFBiRUFLYWJBb1pTRGI2cAphRlBSU0t2TWF4SzdUblk5WUlQSU1EUWRJVGR0RFdPc1BpeElPNEF5OGZSVlRQSFRIUUZHUzBmU0w4T2VzRmhrCm9WT1FYcFI2L1MzQS9SMnM0MTFxS1JZWjFvck5NcUdVeE9aTW1uUk0wZHYzd3NzUmVOQ0k2M3ZlK1kyU1QzN28KcWxhcGkyMVZjb2RXaHJWY1R4RW9WQXNNRllhQXVOZEZBbC8ydUZxWlFkZGFLZmE4UkUwWW1pUXRWVXh2SGN3TQpaYmY3QXIrZzdBeGpVSTlBSnlWRWZZeDNJay9TMHh1UjFYL2xOanBScnJyQzRSMDhyMzBaeDZJZXNZMVdubmNvCm5QdWxxcnhRUk5TME9XZUNEWnFLcFZPdzJvajhJckRROEFwOTRGYWpmM2ZjcW96U3F4VGRsVnp6OVc1M1E1S0kKQVNIU1B2Y0VYNjd4UTd4R3BxYU9uUGs9Ci0tLS0tRU5EIENFUlRJRklDQVRFLS0tLS0K"
              }
            ],
            "master_authorized_networks_config": [],
            "master_version": "1.22.3-gke.700",
            "min_master_version": null,
            "monitoring_config": [
              {
                "enable_components": [
                  "SYSTEM_COMPONENTS"
                ]
              }
            ],
            "monitoring_service": "monitoring.googleapis.com/kubernetes",
            "name": "nono-gke",
            "network": "projects/blabbertabber/global/networks/nono-vpc",
            "network_policy": [
              {
                "enabled": false,
                "provider": "PROVIDER_UNSPECIFIED"
              }
            ],
            "networking_mode": "VPC_NATIVE",
            "node_config": [
              {
                "disk_size_gb": 100,
                "disk_type": "pd-standard",
                "gcfs_config": [],
                "guest_accelerator": [],
                "image_type": "COS_CONTAINERD",
                "labels": {
                  "env": "nono"
                },
                "local_ssd_count": 0,
                "machine_type": "e2-medium",
                "metadata": {
                  "disable-legacy-endpoints": "true"
                },
                "min_cpu_platform": "",
                "node_group": "",
                "oauth_scopes": [
                  "https://www.googleapis.com/auth/logging.write",
                  "https://www.googleapis.com/auth/monitoring"
                ],
                "preemptible": false,
                "service_account": "default",
                "shielded_instance_config": [
                  {
                    "enable_integrity_monitoring": true,
                    "enable_secure_boot": false
                  }
                ],
                "tags": [
                  "gke-node",
                  "nono-gke"
                ],
                "taint": [],
                "workload_metadata_config": []
              }
            ],
            "node_locations": [],
            "node_pool": [
              {
                "autoscaling": [],
                "initial_node_count": 3,
                "instance_group_urls": [
                  "https://www.googleapis.com/compute/v1/projects/blabbertabber/zones/us-central1-f/instanceGroupManagers/gke-nono-gke-nono-gke-node-pool-d0941c31-grp"
                ],
                "managed_instance_group_urls": [
                  "https://www.googleapis.com/compute/v1/projects/blabbertabber/zones/us-central1-f/instanceGroups/gke-nono-gke-nono-gke-node-pool-d0941c31-grp"
                ],
                "management": [
                  {
                    "auto_repair": true,
                    "auto_upgrade": true
                  }
                ],
                "max_pods_per_node": 110,
                "name": "nono-gke-node-pool",
                "name_prefix": "",
                "node_config": [
                  {
                    "disk_size_gb": 100,
                    "disk_type": "pd-standard",
                    "gcfs_config": [],
                    "guest_accelerator": [],
                    "image_type": "COS_CONTAINERD",
                    "labels": {
                      "env": "nono"
                    },
                    "local_ssd_count": 0,
                    "machine_type": "e2-medium",
                    "metadata": {
                      "disable-legacy-endpoints": "true"
                    },
                    "min_cpu_platform": "",
                    "node_group": "",
                    "oauth_scopes": [
                      "https://www.googleapis.com/auth/logging.write",
                      "https://www.googleapis.com/auth/monitoring"
                    ],
                    "preemptible": false,
                    "service_account": "default",
                    "shielded_instance_config": [
                      {
                        "enable_integrity_monitoring": true,
                        "enable_secure_boot": false
                      }
                    ],
                    "tags": [
                      "gke-node",
                      "nono-gke"
                    ],
                    "taint": [],
                    "workload_metadata_config": []
                  }
                ],
                "node_count": 3,
                "node_locations": [
                  "us-central1-f"
                ],
                "upgrade_settings": [
                  {
                    "max_surge": 1,
                    "max_unavailable": 0
                  }
                ],
                "version": "1.22.3-gke.700"
              }
            ],
            "node_version": "1.22.3-gke.700",
            "operation": null,
            "private_cluster_config": [],
            "private_ipv6_google_access": "",
            "project": "blabbertabber",
            "release_channel": [
              {
                "channel": "RAPID"
              }
            ],
            "remove_default_node_pool": true,
            "resource_labels": {},
            "resource_usage_export_config": [],
            "self_link": "https://container.googleapis.com/v1/projects/blabbertabber/zones/us-central1-f/clusters/nono-gke",
            "services_ipv4_cidr": "10.32.0.0/24",
            "subnetwork": "projects/blabbertabber/regions/us-central1/subnetworks/nono-subnet",
            "timeouts": null,
            "tpu_ipv4_cidr_block": "",
            "vertical_pod_autoscaling": [],
            "workload_identity_config": []
          },
          "sensitive_attributes": [],
          "private": "eyJlMmJmYjczMC1lY2FhLTExZTYtOGY4OC0zNDM2M2JjN2M0YzAiOnsiY3JlYXRlIjoyNDAwMDAwMDAwMDAwLCJkZWxldGUiOjI0MDAwMDAwMDAwMDAsInJlYWQiOjI0MDAwMDAwMDAwMDAsInVwZGF0ZSI6MzYwMDAwMDAwMDAwMH0sInNjaGVtYV92ZXJzaW9uIjoiMSJ9",
          "dependencies": [
            "google_compute_network.vpc",
            "google_compute_subnetwork.subnet"
          ]
        }
      ]
    },
    {
      "mode": "managed",
      "type": "google_container_node_pool",
      "name": "primary_nodes",
      "provider": "provider[\"registry.terraform.io/hashicorp/google\"]",
      "instances": [
        {
          "schema_version": 1,
          "attributes": {
            "autoscaling": [],
            "cluster": "nono-gke",
            "id": "projects/blabbertabber/locations/us-central1-f/clusters/nono-gke/nodePools/nono-gke-node-pool",
            "initial_node_count": 3,
            "instance_group_urls": [
              "https://www.googleapis.com/compute/v1/projects/blabbertabber/zones/us-central1-f/instanceGroupManagers/gke-nono-gke-nono-gke-node-pool-d0941c31-grp"
            ],
            "location": "us-central1-f",
            "managed_instance_group_urls": [
              "https://www.googleapis.com/compute/v1/projects/blabbertabber/zones/us-central1-f/instanceGroups/gke-nono-gke-nono-gke-node-pool-d0941c31-grp"
            ],
            "management": [
              {
                "auto_repair": true,
                "auto_upgrade": true
              }
            ],
            "max_pods_per_node": 110,
            "name": "nono-gke-node-pool",
            "name_prefix": "",
            "node_config": [
              {
                "disk_size_gb": 100,
                "disk_type": "pd-standard",
                "gcfs_config": [],
                "guest_accelerator": [],
                "image_type": "COS_CONTAINERD",
                "labels": {
                  "env": "nono"
                },
                "local_ssd_count": 0,
                "machine_type": "e2-medium",
                "metadata": {
                  "disable-legacy-endpoints": "true"
                },
                "min_cpu_platform": "",
                "node_group": "",
                "oauth_scopes": [
                  "https://www.googleapis.com/auth/logging.write",
                  "https://www.googleapis.com/auth/monitoring"
                ],
                "preemptible": false,
                "service_account": "default",
                "shielded_instance_config": [
                  {
                    "enable_integrity_monitoring": true,
                    "enable_secure_boot": false
                  }
                ],
                "tags": [
                  "gke-node",
                  "nono-gke"
                ],
                "taint": [],
                "workload_metadata_config": []
              }
            ],
            "node_count": 3,
            "node_locations": [
              "us-central1-f"
            ],
            "operation": null,
            "project": "blabbertabber",
            "timeouts": null,
            "upgrade_settings": [
              {
                "max_surge": 1,
                "max_unavailable": 0
              }
            ],
            "version": "1.22.3-gke.700"
          },
          "sensitive_attributes": [],
          "private": "eyJlMmJmYjczMC1lY2FhLTExZTYtOGY4OC0zNDM2M2JjN2M0YzAiOnsiY3JlYXRlIjoxODAwMDAwMDAwMDAwLCJkZWxldGUiOjE4MDAwMDAwMDAwMDAsInVwZGF0ZSI6MTgwMDAwMDAwMDAwMH0sInNjaGVtYV92ZXJzaW9uIjoiMSJ9",
          "dependencies": [
            "google_compute_network.vpc",
            "google_compute_subnetwork.subnet",
            "google_container_cluster.primary"
          ]
        }
      ]
    }
  ]
}
