{
  "version": 4,
  "terraform_version": "1.0.11",
  "serial": 158,
  "lineage": "6fa9c841-e347-17fe-cb74-2b5d692a0d23",
  "outputs": {
    "kubernetes_cluster_host": {
      "value": "34.123.103.124",
      "type": "string"
    },
    "kubernetes_cluster_name": {
      "value": "nono-gke",
      "type": "string"
    },
    "project_id": {
      "value": "blabbertabber",
      "type": "string"
    },
    "region": {
      "value": "us-central1",
      "type": "string"
    }
  },
  "resources": [
    {
      "mode": "managed",
      "type": "google_compute_network",
      "name": "vpc",
      "provider": "provider[\"registry.terraform.io/hashicorp/google\"]",
      "instances": [
        {
          "schema_version": 0,
          "attributes": {
            "auto_create_subnetworks": false,
            "delete_default_routes_on_create": false,
            "description": "",
            "gateway_ipv4": "",
            "id": "projects/blabbertabber/global/networks/nono-vpc",
            "mtu": 0,
            "name": "nono-vpc",
            "project": "blabbertabber",
            "routing_mode": "REGIONAL",
            "self_link": "https://www.googleapis.com/compute/v1/projects/blabbertabber/global/networks/nono-vpc",
            "timeouts": null
          },
          "sensitive_attributes": [],
          "private": "eyJlMmJmYjczMC1lY2FhLTExZTYtOGY4OC0zNDM2M2JjN2M0YzAiOnsiY3JlYXRlIjoyNDAwMDAwMDAwMDAsImRlbGV0ZSI6MjQwMDAwMDAwMDAwLCJ1cGRhdGUiOjI0MDAwMDAwMDAwMH19"
        }
      ]
    },
    {
      "mode": "managed",
      "type": "google_compute_subnetwork",
      "name": "subnet",
      "provider": "provider[\"registry.terraform.io/hashicorp/google\"]",
      "instances": [
        {
          "schema_version": 0,
          "attributes": {
            "creation_timestamp": "2021-11-06T12:30:47.613-07:00",
            "description": "",
            "external_ipv6_prefix": "",
            "fingerprint": null,
            "gateway_address": "10.242.0.1",
            "id": "projects/blabbertabber/regions/us-central1/subnetworks/nono-subnet",
            "ip_cidr_range": "10.242.0.0/24",
            "ipv6_access_type": "",
            "ipv6_cidr_range": "",
            "log_config": [],
            "name": "nono-subnet",
            "network": "https://www.googleapis.com/compute/v1/projects/blabbertabber/global/networks/nono-vpc",
            "private_ip_google_access": false,
            "private_ipv6_google_access": "DISABLE_GOOGLE_ACCESS",
            "project": "blabbertabber",
            "purpose": "PRIVATE",
            "region": "us-central1",
            "role": "",
            "secondary_ip_range": [
              {
                "ip_cidr_range": "10.200.0.0/16",
                "range_name": "pod-range"
              },
              {
                "ip_cidr_range": "10.32.0.0/24",
                "range_name": "services-range"
              }
            ],
            "self_link": "https://www.googleapis.com/compute/v1/projects/blabbertabber/regions/us-central1/subnetworks/nono-subnet",
            "stack_type": "IPV4_ONLY",
            "timeouts": null
          },
          "sensitive_attributes": [],
          "private": "eyJlMmJmYjczMC1lY2FhLTExZTYtOGY4OC0zNDM2M2JjN2M0YzAiOnsiY3JlYXRlIjozNjAwMDAwMDAwMDAsImRlbGV0ZSI6MzYwMDAwMDAwMDAwLCJ1cGRhdGUiOjM2MDAwMDAwMDAwMH19",
          "dependencies": [
            "google_compute_network.vpc"
          ]
        }
      ]
    },
    {
      "mode": "managed",
      "type": "google_container_cluster",
      "name": "primary",
      "provider": "provider[\"registry.terraform.io/hashicorp/google\"]",
      "instances": [
        {
          "schema_version": 1,
          "attributes": {
            "addons_config": [
              {
                "cloudrun_config": [],
                "horizontal_pod_autoscaling": [],
                "http_load_balancing": [],
                "network_policy_config": [
                  {
                    "disabled": true
                  }
                ]
              }
            ],
            "authenticator_groups_config": [],
            "cluster_autoscaling": [
              {
                "auto_provisioning_defaults": [],
                "enabled": false,
                "resource_limits": []
              }
            ],
            "cluster_ipv4_cidr": "10.200.0.0/16",
            "database_encryption": [
              {
                "key_name": "",
                "state": "DECRYPTED"
              }
            ],
            "datapath_provider": "",
            "default_max_pods_per_node": 110,
            "default_snat_status": [
              {
                "disabled": false
              }
            ],
            "description": "",
            "enable_autopilot": false,
            "enable_binary_authorization": false,
            "enable_intranode_visibility": false,
            "enable_kubernetes_alpha": false,
            "enable_legacy_abac": false,
            "enable_shielded_nodes": true,
            "enable_tpu": false,
            "endpoint": "34.123.103.124",
            "id": "projects/blabbertabber/locations/us-central1/clusters/nono-gke",
            "initial_node_count": 1,
            "ip_allocation_policy": [
              {
                "cluster_ipv4_cidr_block": "10.200.0.0/16",
                "cluster_secondary_range_name": "pod-range",
                "services_ipv4_cidr_block": "10.32.0.0/24",
                "services_secondary_range_name": "services-range"
              }
            ],
            "label_fingerprint": "a9dc16a7",
            "location": "us-central1",
            "logging_config": [
              {
                "enable_components": [
                  "SYSTEM_COMPONENTS",
                  "WORKLOADS"
                ]
              }
            ],
            "logging_service": "logging.googleapis.com/kubernetes",
            "maintenance_policy": [],
            "master_auth": [
              {
                "client_certificate": "",
                "client_certificate_config": [
                  {
                    "issue_client_certificate": false
                  }
                ],
                "client_key": "",
                "cluster_ca_certificate": "LS0tLS1CRUdJTiBDRVJUSUZJQ0FURS0tLS0tCk1JSUVMRENDQXBTZ0F3SUJBZ0lRT3V3dU9manIrMXdSeUF4N2tRY0FFREFOQmdrcWhraUc5dzBCQVFzRkFEQXYKTVMwd0t3WURWUVFERXlRNU1tVmxZVFJrT1MxbE5HTTVMVFE0TlRBdE9EVTJPQzAyT0RSa09HSXpOREE0TjJFdwpJQmNOTWpFeE1URTFNVFl4TVRFeldoZ1BNakExTVRFeE1EZ3hOekV4TVROYU1DOHhMVEFyQmdOVkJBTVRKRGt5ClpXVmhOR1E1TFdVMFl6a3RORGcxTUMwNE5UWTRMVFk0TkdRNFlqTTBNRGczWVRDQ0FhSXdEUVlKS29aSWh2Y04KQVFFQkJRQURnZ0dQQURDQ0FZb0NnZ0dCQUxlakFaWnoxOFdXdkJwL1QyeEwrdVY0UDNNcnEvendFOTduNUZuOQp0c2tKU1dSdDQweG9meUcvQ1JhZkVsaHRsWkVOWnIyT1F4bzlPQjJiY0ViL3plTExYOXRaTUxEemRlWE9zeGIzCnhYT2FUTUo1cXJnWXliYTNaVE9KT0JMS3FkZ2Eza3NPQ3pGM0lvN08xK1BFM3ZnVFFnQURuRmpXaS9ZRHNOMkoKRXNPU1hFNG1RY2pQYUpCeUV1VHIwd2VqbGN3bU1JejY5TE1YVmtUaUFzWXhMbElKZUFzZ0M5V0Zib21ibnpQaApKblQzODJ4ZFQ0S01HYWF2SG5ML2JKbVhKS1FTWVcxS1lpaGZGbFltTmVFN254dzJTVUpZaEdxTnpuUVBFS3RTClFqc21MYXU1cytWL0pUYzFySGFiZGVVS3YycjlYYU9leWFvd0dUUE05d0l5ZXJYc3gzb1JkRkFaci9XbGt5eTgKcklMSmtKUXMrOXZ0K1RCRXpYUktsOG92a0dnOUsvYkNlL0JVaUpMSVhKQzdJNFZlZFRVUkc1VlNyUlN6ek9DYQpEWHRXTng4UFRjMDJPUzU0OUlvLzREVStIVVJGdC84bmdkRDVGNFNrL0tMalFkZkRoV1pXYVM2MDN6eGpYd2ptCks2aXZPK3pCZzI1UVlRNVNrT1ZEaGNUOWRRSURBUUFCbzBJd1FEQU9CZ05WSFE4QkFmOEVCQU1DQWdRd0R3WUQKVlIwVEFRSC9CQVV3QXdFQi96QWRCZ05WSFE0RUZnUVVuRGtRY202eWVpRFNzOUc3THh0QVArZDJOYzh3RFFZSgpLb1pJaHZjTkFRRUxCUUFEZ2dHQkFGVGRqV1NXaU9uZExHYlllZTBIeGpmV0ZINHdLZXB2Tis3b2lOVDJyRVExCkFZVTBnM09Fc2xWTGx6eUN2aXN0cys0MHJyLzd2d0gySGs5WVNWck9Ja0NQOHBTUXFWSERlcXhiSjVlRnZOUUIKUXpKMTAzVDJ5eVFjVStZcDZZaFQ4L1ZHQ0ZsUG5KQ0dmSUwxd3JJckd0czdoeFN1UUw1c3hhcXZHMU12NEJRbgpMSEZyK241SkwwQWozaFJhMll1S250bnBvenVobEJSbGE0NDhhdW14R2NDblNLQ01WSmVxaHN2Rk8vOHZQYjZLCkE1KytNZm1xaU1Mc0lPMmRlcXlpMnJ1M1U5YVdNOW51eHlkZWVpbjdOV0UxSjlYdFF3VGxEKzhvSFRTSG1nV1IKVjRhczRzamlka2hGSmxwWGpVRlZrUkVxaSt2dEVrU01MYjFLa29CR2xBMWk3VXcyaHBCVVR1VUVtWmYyRzBWKwpaL0FJNzVreE9RWlJrMmxKb1BSYUM5QWN1QW9vb0Vtc0ROTVN5aXZxcjNHRkZWdXI5bXV1NWhDV1NLUzhJQkkwClBRbWozZi9XbDh5ZXE3SjVuN0pPWkU4ZUJndDlDRDg3SWlOUWl6am94RjZSTWR2aWhMeGx6ODN3ajM3S1AyUlcKVVpjQ2s5QzJUUEtxVlgyZHFqT1dxZz09Ci0tLS0tRU5EIENFUlRJRklDQVRFLS0tLS0K"
              }
            ],
            "master_authorized_networks_config": [],
            "master_version": "1.21.5-gke.1302",
            "min_master_version": null,
            "monitoring_config": [
              {
                "enable_components": [
                  "SYSTEM_COMPONENTS"
                ]
              }
            ],
            "monitoring_service": "monitoring.googleapis.com/kubernetes",
            "name": "nono-gke",
            "network": "projects/blabbertabber/global/networks/nono-vpc",
            "network_policy": [
              {
                "enabled": false,
                "provider": "PROVIDER_UNSPECIFIED"
              }
            ],
            "networking_mode": "VPC_NATIVE",
            "node_config": [],
            "node_locations": [
              "us-central1-a",
              "us-central1-b",
              "us-central1-c"
            ],
            "node_pool": [],
            "node_version": "1.21.5-gke.1302",
            "operation": null,
            "private_cluster_config": [],
            "private_ipv6_google_access": "",
            "project": "blabbertabber",
            "release_channel": [
              {
                "channel": "RAPID"
              }
            ],
            "remove_default_node_pool": true,
            "resource_labels": {},
            "resource_usage_export_config": [],
            "self_link": "https://container.googleapis.com/v1/projects/blabbertabber/locations/us-central1/clusters/nono-gke",
            "services_ipv4_cidr": "10.32.0.0/24",
            "subnetwork": "projects/blabbertabber/regions/us-central1/subnetworks/nono-subnet",
            "timeouts": null,
            "tpu_ipv4_cidr_block": "",
            "vertical_pod_autoscaling": [],
            "workload_identity_config": []
          },
          "sensitive_attributes": [],
          "private": "eyJlMmJmYjczMC1lY2FhLTExZTYtOGY4OC0zNDM2M2JjN2M0YzAiOnsiY3JlYXRlIjoyNDAwMDAwMDAwMDAwLCJkZWxldGUiOjI0MDAwMDAwMDAwMDAsInJlYWQiOjI0MDAwMDAwMDAwMDAsInVwZGF0ZSI6MzYwMDAwMDAwMDAwMH0sInNjaGVtYV92ZXJzaW9uIjoiMSJ9",
          "dependencies": [
            "google_compute_network.vpc",
            "google_compute_subnetwork.subnet"
          ]
        }
      ]
    },
    {
      "mode": "managed",
      "type": "google_container_node_pool",
      "name": "primary_nodes",
      "provider": "provider[\"registry.terraform.io/hashicorp/google\"]",
      "instances": [
        {
          "schema_version": 1,
          "attributes": {
            "autoscaling": [],
            "cluster": "nono-gke",
            "id": "projects/blabbertabber/locations/us-central1/clusters/nono-gke/nodePools/nono-gke-node-pool",
            "initial_node_count": 1,
            "instance_group_urls": [
              "https://www.googleapis.com/compute/v1/projects/blabbertabber/zones/us-central1-b/instanceGroupManagers/gke-nono-gke-nono-gke-node-pool-58da54bf-grp",
              "https://www.googleapis.com/compute/v1/projects/blabbertabber/zones/us-central1-c/instanceGroupManagers/gke-nono-gke-nono-gke-node-pool-30051aff-grp",
              "https://www.googleapis.com/compute/v1/projects/blabbertabber/zones/us-central1-a/instanceGroupManagers/gke-nono-gke-nono-gke-node-pool-b386f05d-grp"
            ],
            "location": "us-central1",
            "managed_instance_group_urls": [
              "https://www.googleapis.com/compute/v1/projects/blabbertabber/zones/us-central1-b/instanceGroups/gke-nono-gke-nono-gke-node-pool-58da54bf-grp",
              "https://www.googleapis.com/compute/v1/projects/blabbertabber/zones/us-central1-c/instanceGroups/gke-nono-gke-nono-gke-node-pool-30051aff-grp",
              "https://www.googleapis.com/compute/v1/projects/blabbertabber/zones/us-central1-a/instanceGroups/gke-nono-gke-nono-gke-node-pool-b386f05d-grp"
            ],
            "management": [
              {
                "auto_repair": true,
                "auto_upgrade": true
              }
            ],
            "max_pods_per_node": 110,
            "name": "nono-gke-node-pool",
            "name_prefix": "",
            "node_config": [
              {
                "disk_size_gb": 100,
                "disk_type": "pd-standard",
                "guest_accelerator": [],
                "image_type": "COS_CONTAINERD",
                "labels": {
                  "env": "nono"
                },
                "local_ssd_count": 0,
                "machine_type": "e2-medium",
                "metadata": {
                  "disable-legacy-endpoints": "true"
                },
                "min_cpu_platform": "",
                "oauth_scopes": [
                  "https://www.googleapis.com/auth/logging.write",
                  "https://www.googleapis.com/auth/monitoring"
                ],
                "preemptible": false,
                "service_account": "default",
                "shielded_instance_config": [
                  {
                    "enable_integrity_monitoring": true,
                    "enable_secure_boot": false
                  }
                ],
                "tags": [
                  "gke-node",
                  "nono-gke"
                ],
                "taint": [],
                "workload_metadata_config": []
              }
            ],
            "node_count": 1,
            "node_locations": [
              "us-central1-a",
              "us-central1-b",
              "us-central1-c"
            ],
            "operation": null,
            "project": "blabbertabber",
            "timeouts": null,
            "upgrade_settings": [
              {
                "max_surge": 1,
                "max_unavailable": 0
              }
            ],
            "version": "1.21.5-gke.1302"
          },
          "sensitive_attributes": [],
          "private": "eyJlMmJmYjczMC1lY2FhLTExZTYtOGY4OC0zNDM2M2JjN2M0YzAiOnsiY3JlYXRlIjoxODAwMDAwMDAwMDAwLCJkZWxldGUiOjE4MDAwMDAwMDAwMDAsInVwZGF0ZSI6MTgwMDAwMDAwMDAwMH0sInNjaGVtYV92ZXJzaW9uIjoiMSJ9",
          "dependencies": [
            "google_container_cluster.primary"
          ]
        }
      ]
    }
  ]
}
