{
  "version": 4,
  "terraform_version": "1.0.1",
  "serial": 109,
  "lineage": "6fa9c841-e347-17fe-cb74-2b5d692a0d23",
  "outputs": {
    "kubernetes_cluster_host": {
      "value": "104.197.76.196",
      "type": "string"
    },
    "kubernetes_cluster_name": {
      "value": "nono-gke",
      "type": "string"
    },
    "project_id": {
      "value": "blabbertabber",
      "type": "string"
    },
    "region": {
      "value": "us-central1",
      "type": "string"
    },
    "zone": {
      "value": "us-central1-f",
      "type": "string"
    }
  },
  "resources": [
    {
      "mode": "managed",
      "type": "google_compute_network",
      "name": "vpc",
      "provider": "provider[\"registry.terraform.io/hashicorp/google\"]",
      "instances": [
        {
          "schema_version": 0,
          "attributes": {
            "auto_create_subnetworks": false,
            "delete_default_routes_on_create": false,
            "description": "",
            "gateway_ipv4": "",
            "id": "projects/blabbertabber/global/networks/nono-vpc",
            "mtu": 0,
            "name": "nono-vpc",
            "project": "blabbertabber",
            "routing_mode": "REGIONAL",
            "self_link": "https://www.googleapis.com/compute/v1/projects/blabbertabber/global/networks/nono-vpc",
            "timeouts": null
          },
          "sensitive_attributes": [],
          "private": "eyJlMmJmYjczMC1lY2FhLTExZTYtOGY4OC0zNDM2M2JjN2M0YzAiOnsiY3JlYXRlIjoyNDAwMDAwMDAwMDAsImRlbGV0ZSI6MjQwMDAwMDAwMDAwLCJ1cGRhdGUiOjI0MDAwMDAwMDAwMH19"
        }
      ]
    },
    {
      "mode": "managed",
      "type": "google_compute_subnetwork",
      "name": "subnet",
      "provider": "provider[\"registry.terraform.io/hashicorp/google\"]",
      "instances": [
        {
          "schema_version": 0,
          "attributes": {
            "creation_timestamp": "2021-07-05T16:53:22.683-07:00",
            "description": "",
            "fingerprint": null,
            "gateway_address": "10.242.0.1",
            "id": "projects/blabbertabber/regions/us-central1/subnetworks/nono-subnet",
            "ip_cidr_range": "10.242.0.0/24",
            "log_config": [],
            "name": "nono-subnet",
            "network": "https://www.googleapis.com/compute/v1/projects/blabbertabber/global/networks/nono-vpc",
            "private_ip_google_access": false,
            "private_ipv6_google_access": "DISABLE_GOOGLE_ACCESS",
            "project": "blabbertabber",
            "region": "us-central1",
            "secondary_ip_range": [
              {
                "ip_cidr_range": "10.200.0.0/16",
                "range_name": "pod-range"
              },
              {
                "ip_cidr_range": "10.32.0.0/24",
                "range_name": "services-range"
              }
            ],
            "self_link": "https://www.googleapis.com/compute/v1/projects/blabbertabber/regions/us-central1/subnetworks/nono-subnet",
            "timeouts": null
          },
          "sensitive_attributes": [],
          "private": "eyJlMmJmYjczMC1lY2FhLTExZTYtOGY4OC0zNDM2M2JjN2M0YzAiOnsiY3JlYXRlIjozNjAwMDAwMDAwMDAsImRlbGV0ZSI6MzYwMDAwMDAwMDAwLCJ1cGRhdGUiOjM2MDAwMDAwMDAwMH19",
          "dependencies": [
            "google_compute_network.vpc"
          ]
        }
      ]
    },
    {
      "mode": "managed",
      "type": "google_container_cluster",
      "name": "primary",
      "provider": "provider[\"registry.terraform.io/hashicorp/google\"]",
      "instances": [
        {
          "schema_version": 1,
          "attributes": {
            "addons_config": [
              {
                "cloudrun_config": [],
                "horizontal_pod_autoscaling": [],
                "http_load_balancing": [],
                "network_policy_config": [
                  {
                    "disabled": true
                  }
                ]
              }
            ],
            "authenticator_groups_config": [],
            "cluster_autoscaling": [
              {
                "auto_provisioning_defaults": [],
                "enabled": false,
                "resource_limits": []
              }
            ],
            "cluster_ipv4_cidr": "10.200.0.0/16",
            "database_encryption": [
              {
                "key_name": "",
                "state": "DECRYPTED"
              }
            ],
            "datapath_provider": "",
            "default_max_pods_per_node": 110,
            "default_snat_status": [
              {
                "disabled": false
              }
            ],
            "description": "",
            "enable_autopilot": false,
            "enable_binary_authorization": false,
            "enable_intranode_visibility": false,
            "enable_kubernetes_alpha": false,
            "enable_legacy_abac": false,
            "enable_shielded_nodes": false,
            "enable_tpu": false,
            "endpoint": "104.197.76.196",
            "id": "projects/blabbertabber/locations/us-central1-f/clusters/nono-gke",
            "initial_node_count": 1,
            "instance_group_urls": [],
            "ip_allocation_policy": [
              {
                "cluster_ipv4_cidr_block": "10.200.0.0/16",
                "cluster_secondary_range_name": "pod-range",
                "services_ipv4_cidr_block": "10.32.0.0/24",
                "services_secondary_range_name": "services-range"
              }
            ],
            "label_fingerprint": "a9dc16a7",
            "location": "us-central1-f",
            "logging_service": "logging.googleapis.com/kubernetes",
            "maintenance_policy": [],
            "master_auth": [
              {
                "client_certificate": "",
                "client_certificate_config": [
                  {
                    "issue_client_certificate": false
                  }
                ],
                "client_key": "",
                "cluster_ca_certificate": "LS0tLS1CRUdJTiBDRVJUSUZJQ0FURS0tLS0tCk1JSURLakNDQWhLZ0F3SUJBZ0lRV1N3RjA1WHpFZFErcTdyU2RjQTRZVEFOQmdrcWhraUc5dzBCQVFzRkFEQXYKTVMwd0t3WURWUVFERXlSaE5EbG1PREppWlMwd1lUVmlMVFEzTVdVdFlqRXdaUzFqWVRCall6TTJNall6TVRrdwpIaGNOTWpFd056QTFNakkxTXpVMFdoY05Nall3TnpBME1qTTFNelUwV2pBdk1TMHdLd1lEVlFRREV5UmhORGxtCk9ESmlaUzB3WVRWaUxUUTNNV1V0WWpFd1pTMWpZVEJqWXpNMk1qWXpNVGt3Z2dFaU1BMEdDU3FHU0liM0RRRUIKQVFVQUE0SUJEd0F3Z2dFS0FvSUJBUURMTG1YWXg0Q3BiNE9uRWh5dEZ6Q0VrRTRXMkZPZkcyT0xJMDF6b05adQpZMDBVYkV4Y3BrZHhzdktzM3VXQnFxMHFUditQWE9rYUJadXJheUFrcnpaNnJiUFZhdTNpamMxRndKOU9QTmcvCjdBRGpZbjJWNFNDdkJvSTZjbWdUWkhQcGV4anF3UGhwZ3JSeUZFc3dzb2NyUWNvTS9wOGZneDFacHVUSXpQNi8KMHp0bzBDd1pDbE9KM1hKZTdiQWsxbEVneitNajN0b1dpK1NmTkttRUxuT2dJSk11YXZjQ0M0K0t1blFxTmRBOApYTUR0RkpRUXJIeHp2d2dJNEo2UW5qZ2FZbWlWR3FhQUVMYS8ya2l0dnhFbVhSN3RKZmVRUS9XVTNxbEt4NXF5ClBBaE0yMHFyU2tWRDVqZ0dSa1phalNFcEZNdE55OWFkTE9mRUIxLzZCZkxoQWdNQkFBR2pRakJBTUE0R0ExVWQKRHdFQi93UUVBd0lDQkRBUEJnTlZIUk1CQWY4RUJUQURBUUgvTUIwR0ExVWREZ1FXQkJTWXlwRnZXRERVL21IVwprelZNalZEZk5PSER3akFOQmdrcWhraUc5dzBCQVFzRkFBT0NBUUVBT1hyVXFraFRrOXpPWkhObTRMeHBqOXlpCjYyNTZvOWpaY2U4bzlHSkNlQWd1ODJlSXd3eUtpak1GUENpVEtJcytOcTJQVmNubHRmUFNEU1FmMC96dWtkU2cKUnNzNHZzQm02UzFobExKVjNxbVNpclF0VU55RXJNRjBpaXFORW1jNTg5QjAwSTdlM0RnZEJIS0VqQnNmbDhHNQpNeHNPdnR2dWEraDdIeXd5U01yeGFuaG1oQW1JcmhUcU1oWTY2VC83TXd6VjkvTzc1b0k3aG5sQnQ5UlFyWVpNClY3dFpaRHZEcy9uN0JoOXVyaUFobVdNeWhzcFlEb3Fib0YvMWFuOWFaRUk2TmRDNXRLK2lHdnlNZzloMmtUVHkKMllBUE1LMEljVE5ncTA5TFM1WlI3NVB0clJDenVZbjIwM0g3M0NFeGl4SHRBQlZIQWw3NjdjVnFaYjkveEE9PQotLS0tLUVORCBDRVJUSUZJQ0FURS0tLS0tCg==",
                "password": "",
                "username": ""
              }
            ],
            "master_authorized_networks_config": [],
            "master_version": "1.19.9-gke.1900",
            "min_master_version": null,
            "monitoring_service": "monitoring.googleapis.com/kubernetes",
            "name": "nono-gke",
            "network": "projects/blabbertabber/global/networks/nono-vpc",
            "network_policy": [
              {
                "enabled": false,
                "provider": "PROVIDER_UNSPECIFIED"
              }
            ],
            "networking_mode": "VPC_NATIVE",
            "node_config": [],
            "node_locations": [],
            "node_pool": [],
            "node_version": "1.19.9-gke.1900",
            "operation": null,
            "pod_security_policy_config": [],
            "private_cluster_config": [],
            "private_ipv6_google_access": "",
            "project": "blabbertabber",
            "release_channel": [
              {
                "channel": "REGULAR"
              }
            ],
            "remove_default_node_pool": true,
            "resource_labels": null,
            "resource_usage_export_config": [],
            "self_link": "https://container.googleapis.com/v1beta1/projects/blabbertabber/zones/us-central1-f/clusters/nono-gke",
            "services_ipv4_cidr": "10.32.0.0/24",
            "subnetwork": "projects/blabbertabber/regions/us-central1/subnetworks/nono-subnet",
            "timeouts": null,
            "tpu_ipv4_cidr_block": "",
            "vertical_pod_autoscaling": [],
            "workload_identity_config": []
          },
          "sensitive_attributes": [],
          "private": "eyJlMmJmYjczMC1lY2FhLTExZTYtOGY4OC0zNDM2M2JjN2M0YzAiOnsiY3JlYXRlIjoyNDAwMDAwMDAwMDAwLCJkZWxldGUiOjI0MDAwMDAwMDAwMDAsInJlYWQiOjI0MDAwMDAwMDAwMDAsInVwZGF0ZSI6MzYwMDAwMDAwMDAwMH0sInNjaGVtYV92ZXJzaW9uIjoiMSJ9",
          "dependencies": [
            "google_compute_network.vpc",
            "google_compute_subnetwork.subnet"
          ]
        }
      ]
    },
    {
      "mode": "managed",
      "type": "google_container_node_pool",
      "name": "primary_nodes",
      "provider": "provider[\"registry.terraform.io/hashicorp/google\"]",
      "instances": [
        {
          "schema_version": 1,
          "attributes": {
            "autoscaling": [],
            "cluster": "nono-gke",
            "id": "projects/blabbertabber/locations/us-central1-f/clusters/nono-gke/nodePools/nono-gke-node-pool",
            "initial_node_count": 2,
            "instance_group_urls": [
              "https://www.googleapis.com/compute/v1/projects/blabbertabber/zones/us-central1-f/instanceGroupManagers/gke-nono-gke-nono-gke-node-pool-be30128d-grp"
            ],
            "location": "us-central1-f",
            "management": [
              {
                "auto_repair": true,
                "auto_upgrade": true
              }
            ],
            "max_pods_per_node": 110,
            "name": "nono-gke-node-pool",
            "name_prefix": "",
            "node_config": [
              {
                "disk_size_gb": 100,
                "disk_type": "pd-standard",
                "guest_accelerator": [],
                "image_type": "COS_CONTAINERD",
                "labels": {
                  "env": "nono"
                },
                "local_ssd_count": 0,
                "machine_type": "e2-medium",
                "metadata": {
                  "disable-legacy-endpoints": "true"
                },
                "min_cpu_platform": "",
                "oauth_scopes": [
                  "https://www.googleapis.com/auth/logging.write",
                  "https://www.googleapis.com/auth/monitoring"
                ],
                "preemptible": false,
                "service_account": "default",
                "shielded_instance_config": [
                  {
                    "enable_integrity_monitoring": true,
                    "enable_secure_boot": false
                  }
                ],
                "tags": [
                  "gke-node",
                  "nono-gke"
                ],
                "taint": [],
                "workload_metadata_config": []
              }
            ],
            "node_count": 2,
            "node_locations": [
              "us-central1-f"
            ],
            "operation": null,
            "project": "blabbertabber",
            "timeouts": null,
            "upgrade_settings": [
              {
                "max_surge": 1,
                "max_unavailable": 0
              }
            ],
            "version": "1.19.9-gke.1900"
          },
          "sensitive_attributes": [],
          "private": "eyJlMmJmYjczMC1lY2FhLTExZTYtOGY4OC0zNDM2M2JjN2M0YzAiOnsiY3JlYXRlIjoxODAwMDAwMDAwMDAwLCJkZWxldGUiOjE4MDAwMDAwMDAwMDAsInVwZGF0ZSI6MTgwMDAwMDAwMDAwMH0sInNjaGVtYV92ZXJzaW9uIjoiMSJ9",
          "dependencies": [
            "google_compute_network.vpc",
            "google_compute_subnetwork.subnet",
            "google_container_cluster.primary"
          ]
        }
      ]
    }
  ]
}
