{
  "version": 4,
  "terraform_version": "1.0.0",
  "serial": 9,
  "lineage": "6fa9c841-e347-17fe-cb74-2b5d692a0d23",
  "outputs": {
    "kubernetes_cluster_host": {
      "value": "34.134.61.68",
      "type": "string"
    },
    "kubernetes_cluster_name": {
      "value": "nono-gke",
      "type": "string"
    },
    "project_id": {
      "value": "blabbertabber",
      "type": "string"
    },
    "region": {
      "value": "us-central1",
      "type": "string"
    }
  },
  "resources": [
    {
      "mode": "managed",
      "type": "google_compute_network",
      "name": "vpc",
      "provider": "provider[\"registry.terraform.io/hashicorp/google\"]",
      "instances": [
        {
          "schema_version": 0,
          "attributes": {
            "auto_create_subnetworks": false,
            "delete_default_routes_on_create": false,
            "description": "",
            "gateway_ipv4": "",
            "id": "projects/blabbertabber/global/networks/nono-vpc",
            "mtu": 0,
            "name": "nono-vpc",
            "project": "blabbertabber",
            "routing_mode": "REGIONAL",
            "self_link": "https://www.googleapis.com/compute/v1/projects/blabbertabber/global/networks/nono-vpc",
            "timeouts": null
          },
          "sensitive_attributes": [],
          "private": "eyJlMmJmYjczMC1lY2FhLTExZTYtOGY4OC0zNDM2M2JjN2M0YzAiOnsiY3JlYXRlIjoyNDAwMDAwMDAwMDAsImRlbGV0ZSI6MjQwMDAwMDAwMDAwLCJ1cGRhdGUiOjI0MDAwMDAwMDAwMH19"
        }
      ]
    },
    {
      "mode": "managed",
      "type": "google_compute_subnetwork",
      "name": "subnet",
      "provider": "provider[\"registry.terraform.io/hashicorp/google\"]",
      "instances": [
        {
          "schema_version": 0,
          "attributes": {
            "creation_timestamp": "2021-06-16T19:34:40.997-07:00",
            "description": "",
            "fingerprint": null,
            "gateway_address": "10.242.0.1",
            "id": "projects/blabbertabber/regions/us-central1/subnetworks/nono-subnet",
            "ip_cidr_range": "10.242.0.0/24",
            "log_config": [],
            "name": "nono-subnet",
            "network": "https://www.googleapis.com/compute/v1/projects/blabbertabber/global/networks/nono-vpc",
            "private_ip_google_access": false,
            "private_ipv6_google_access": "DISABLE_GOOGLE_ACCESS",
            "project": "blabbertabber",
            "region": "us-central1",
            "secondary_ip_range": [],
            "self_link": "https://www.googleapis.com/compute/v1/projects/blabbertabber/regions/us-central1/subnetworks/nono-subnet",
            "timeouts": null
          },
          "sensitive_attributes": [],
          "private": "eyJlMmJmYjczMC1lY2FhLTExZTYtOGY4OC0zNDM2M2JjN2M0YzAiOnsiY3JlYXRlIjozNjAwMDAwMDAwMDAsImRlbGV0ZSI6MzYwMDAwMDAwMDAwLCJ1cGRhdGUiOjM2MDAwMDAwMDAwMH19",
          "dependencies": [
            "google_compute_network.vpc"
          ]
        }
      ]
    },
    {
      "mode": "managed",
      "type": "google_container_cluster",
      "name": "primary",
      "provider": "provider[\"registry.terraform.io/hashicorp/google\"]",
      "instances": [
        {
          "schema_version": 1,
          "attributes": {
            "addons_config": [
              {
                "cloudrun_config": [],
                "horizontal_pod_autoscaling": [],
                "http_load_balancing": [],
                "network_policy_config": [
                  {
                    "disabled": true
                  }
                ]
              }
            ],
            "authenticator_groups_config": [],
            "cluster_autoscaling": [
              {
                "auto_provisioning_defaults": [],
                "enabled": false,
                "resource_limits": []
              }
            ],
            "cluster_ipv4_cidr": "10.8.0.0/14",
            "database_encryption": [
              {
                "key_name": "",
                "state": "DECRYPTED"
              }
            ],
            "default_max_pods_per_node": null,
            "description": "",
            "enable_binary_authorization": false,
            "enable_intranode_visibility": null,
            "enable_kubernetes_alpha": false,
            "enable_legacy_abac": false,
            "enable_shielded_nodes": false,
            "enable_tpu": null,
            "endpoint": "34.134.61.68",
            "id": "projects/blabbertabber/locations/us-central1/clusters/nono-gke",
            "initial_node_count": 1,
            "instance_group_urls": [
              "https://www.googleapis.com/compute/v1/projects/blabbertabber/zones/us-central1-f/instanceGroups/gke-nono-gke-nono-gke-node-pool-be5621a7-grp",
              "https://www.googleapis.com/compute/v1/projects/blabbertabber/zones/us-central1-a/instanceGroups/gke-nono-gke-nono-gke-node-pool-f4f7977a-grp",
              "https://www.googleapis.com/compute/v1/projects/blabbertabber/zones/us-central1-b/instanceGroups/gke-nono-gke-nono-gke-node-pool-232cf591-grp"
            ],
            "ip_allocation_policy": [],
            "label_fingerprint": "a9dc16a7",
            "location": "us-central1",
            "logging_service": "logging.googleapis.com/kubernetes",
            "maintenance_policy": [],
            "master_auth": [
              {
                "client_certificate": "",
                "client_certificate_config": [
                  {
                    "issue_client_certificate": false
                  }
                ],
                "client_key": "",
                "cluster_ca_certificate": "LS0tLS1CRUdJTiBDRVJUSUZJQ0FURS0tLS0tCk1JSURLakNDQWhLZ0F3SUJBZ0lRTTlaUVdNMDdFazRuY1loTWxSTjJHakFOQmdrcWhraUc5dzBCQVFzRkFEQXYKTVMwd0t3WURWUVFERXlSbVlqZ3paalJsTUMweFkyWXpMVFEwWTJJdFlXSTFNeTFoWTJSaE5USTNZbUkzWXpFdwpIaGNOTWpFd05qRTNNREV6TlRBeldoY05Nall3TmpFMk1ESXpOVEF6V2pBdk1TMHdLd1lEVlFRREV5Um1Zamd6ClpqUmxNQzB4WTJZekxUUTBZMkl0WVdJMU15MWhZMlJoTlRJM1ltSTNZekV3Z2dFaU1BMEdDU3FHU0liM0RRRUIKQVFVQUE0SUJEd0F3Z2dFS0FvSUJBUUN6SmpEVFA1MzlRckg4anhlek9EL0hxM3kxZkUveEd4Q2RTc2phakRKcgpCWjBGbXdBV3B6L2hBSDBIZUZ0QS9rUUFDdmtCaDVBMEN4SWNUQ2ZHd1RuSFhrMWlEYjMrRlJGTi9MMjltNndMCkZJYXV3ZmVnbDFpZWxmREVuYW5iVTFZTmVFaVE5NFd4MGJmVTdUaUVwc08wTUp4aXJBaHBzZzFrdEtEVUFNQysKS0dpdEVETTFoTjJUVkV6Q1N3RXlBN0ZSZVpUK2lNU3pTNXpSNStWaHRXUmhjZ3h2MnlXVW44UGMzWTRwTzVGegprRU1DK1Z1b3dNNDUxcmJPZnVTbS9BdnIra1lmL3h2UllyMWVkVVVLZFFUd3cwWURoSlF3MFJjeVczVVVMOVcyCmdZNFF0R2hPWkhOM3JXM0hLbTBGRGlYeGlsT05OdzV1aE52eUlOQnBJenAzQWdNQkFBR2pRakJBTUE0R0ExVWQKRHdFQi93UUVBd0lDQkRBUEJnTlZIUk1CQWY4RUJUQURBUUgvTUIwR0ExVWREZ1FXQkJTaG9OamhUSHg1aCtOTgpDWVhpY1BSRTJENU1uekFOQmdrcWhraUc5dzBCQVFzRkFBT0NBUUVBT2RYemd1MFdWUUhQQzVSSDZTdDBEc0thCnV1NGYySVVydVFFWit5cy82TVZaNEJrTm5WaWxBVlZpSGs2K3hEejdNYWxma0hKMk4relVRMDVyVWhMdlVVeVAKZkdKeURJYWxOZnZTa3h2OFF3b2VRSjFyWWY2cnhKVVhJQU8xTml0R3dKTEJOVzQ1UzVFd0RaRlhsblFzQW8wUwovS00zN1JCZGdsRzJJUmxWdC9JN3hJNk9DLzNCTWxHWCtqTEJQMUhueHVCRmhibTYyWUJDckhteTh2cWpYNzJhCkgrNkU2TVZLV1A3dDJMSVJOVlNKNHRYcUpyYjBUWUlkTUg3QXhWSVFudDJUVXF0K1FoWFZoVFN5S1kwK0tEWHAKSXNYTVg1V0l5eTR2cDlzUTRsT0xod0g1b2p2d1R5c2hTUzB6dEVINWc4SGdrMUF3RnJvVjZWcXpaNnZ5UVE9PQotLS0tLUVORCBDRVJUSUZJQ0FURS0tLS0tCg==",
                "password": "",
                "username": ""
              }
            ],
            "master_authorized_networks_config": [],
            "master_version": "1.19.9-gke.1900",
            "min_master_version": null,
            "monitoring_service": "monitoring.googleapis.com/kubernetes",
            "name": "nono-gke",
            "network": "projects/blabbertabber/global/networks/nono-vpc",
            "network_policy": [
              {
                "enabled": false,
                "provider": "PROVIDER_UNSPECIFIED"
              }
            ],
            "node_config": [
              {
                "disk_size_gb": 100,
                "disk_type": "pd-standard",
                "guest_accelerator": [],
                "image_type": "COS_CONTAINERD",
                "labels": {
                  "env": "nono"
                },
                "local_ssd_count": 0,
                "machine_type": "e2-medium",
                "metadata": {
                  "disable-legacy-endpoints": "true"
                },
                "min_cpu_platform": "",
                "oauth_scopes": [
                  "https://www.googleapis.com/auth/logging.write",
                  "https://www.googleapis.com/auth/monitoring"
                ],
                "preemptible": false,
                "service_account": "default",
                "shielded_instance_config": [
                  {
                    "enable_integrity_monitoring": true,
                    "enable_secure_boot": false
                  }
                ],
                "tags": [
                  "gke-node",
                  "nono-gke"
                ],
                "taint": [],
                "workload_metadata_config": []
              }
            ],
            "node_locations": [
              "us-central1-a",
              "us-central1-b",
              "us-central1-f"
            ],
            "node_pool": [
              {
                "autoscaling": [],
                "initial_node_count": 1,
                "instance_group_urls": [
                  "https://www.googleapis.com/compute/v1/projects/blabbertabber/zones/us-central1-f/instanceGroupManagers/gke-nono-gke-nono-gke-node-pool-be5621a7-grp",
                  "https://www.googleapis.com/compute/v1/projects/blabbertabber/zones/us-central1-a/instanceGroupManagers/gke-nono-gke-nono-gke-node-pool-f4f7977a-grp",
                  "https://www.googleapis.com/compute/v1/projects/blabbertabber/zones/us-central1-b/instanceGroupManagers/gke-nono-gke-nono-gke-node-pool-232cf591-grp"
                ],
                "management": [
                  {
                    "auto_repair": true,
                    "auto_upgrade": true
                  }
                ],
                "max_pods_per_node": 0,
                "name": "nono-gke-node-pool",
                "name_prefix": "",
                "node_config": [
                  {
                    "disk_size_gb": 100,
                    "disk_type": "pd-standard",
                    "guest_accelerator": [],
                    "image_type": "COS_CONTAINERD",
                    "labels": {
                      "env": "nono"
                    },
                    "local_ssd_count": 0,
                    "machine_type": "e2-medium",
                    "metadata": {
                      "disable-legacy-endpoints": "true"
                    },
                    "min_cpu_platform": "",
                    "oauth_scopes": [
                      "https://www.googleapis.com/auth/logging.write",
                      "https://www.googleapis.com/auth/monitoring"
                    ],
                    "preemptible": false,
                    "service_account": "default",
                    "shielded_instance_config": [
                      {
                        "enable_integrity_monitoring": true,
                        "enable_secure_boot": false
                      }
                    ],
                    "tags": [
                      "gke-node",
                      "nono-gke"
                    ],
                    "taint": [],
                    "workload_metadata_config": []
                  }
                ],
                "node_count": 1,
                "node_locations": [
                  "us-central1-a",
                  "us-central1-b",
                  "us-central1-f"
                ],
                "upgrade_settings": [
                  {
                    "max_surge": 1,
                    "max_unavailable": 0
                  }
                ],
                "version": "1.19.9-gke.1900"
              }
            ],
            "node_version": "1.19.9-gke.1900",
            "operation": null,
            "pod_security_policy_config": [],
            "private_cluster_config": [],
            "project": "blabbertabber",
            "release_channel": [
              {
                "channel": "REGULAR"
              }
            ],
            "remove_default_node_pool": true,
            "resource_labels": {},
            "resource_usage_export_config": [],
            "self_link": "https://container.googleapis.com/v1beta1/projects/blabbertabber/locations/us-central1/clusters/nono-gke",
            "services_ipv4_cidr": "10.11.240.0/20",
            "subnetwork": "projects/blabbertabber/regions/us-central1/subnetworks/nono-subnet",
            "timeouts": null,
            "vertical_pod_autoscaling": [],
            "workload_identity_config": []
          },
          "sensitive_attributes": [],
          "private": "eyJlMmJmYjczMC1lY2FhLTExZTYtOGY4OC0zNDM2M2JjN2M0YzAiOnsiY3JlYXRlIjoyNDAwMDAwMDAwMDAwLCJkZWxldGUiOjI0MDAwMDAwMDAwMDAsInJlYWQiOjI0MDAwMDAwMDAwMDAsInVwZGF0ZSI6MzYwMDAwMDAwMDAwMH0sInNjaGVtYV92ZXJzaW9uIjoiMSJ9",
          "dependencies": [
            "google_compute_network.vpc",
            "google_compute_subnetwork.subnet"
          ]
        }
      ]
    },
    {
      "mode": "managed",
      "type": "google_container_node_pool",
      "name": "primary_nodes",
      "provider": "provider[\"registry.terraform.io/hashicorp/google\"]",
      "instances": [
        {
          "schema_version": 1,
          "attributes": {
            "autoscaling": [],
            "cluster": "nono-gke",
            "id": "projects/blabbertabber/locations/us-central1/clusters/nono-gke/nodePools/nono-gke-node-pool",
            "initial_node_count": 1,
            "instance_group_urls": [
              "https://www.googleapis.com/compute/v1/projects/blabbertabber/zones/us-central1-f/instanceGroupManagers/gke-nono-gke-nono-gke-node-pool-be5621a7-grp",
              "https://www.googleapis.com/compute/v1/projects/blabbertabber/zones/us-central1-a/instanceGroupManagers/gke-nono-gke-nono-gke-node-pool-f4f7977a-grp",
              "https://www.googleapis.com/compute/v1/projects/blabbertabber/zones/us-central1-b/instanceGroupManagers/gke-nono-gke-nono-gke-node-pool-232cf591-grp"
            ],
            "location": "us-central1",
            "management": [
              {
                "auto_repair": true,
                "auto_upgrade": true
              }
            ],
            "max_pods_per_node": null,
            "name": "nono-gke-node-pool",
            "name_prefix": "",
            "node_config": [
              {
                "disk_size_gb": 100,
                "disk_type": "pd-standard",
                "guest_accelerator": [],
                "image_type": "COS_CONTAINERD",
                "labels": {
                  "env": "nono"
                },
                "local_ssd_count": 0,
                "machine_type": "e2-medium",
                "metadata": {
                  "disable-legacy-endpoints": "true"
                },
                "min_cpu_platform": "",
                "oauth_scopes": [
                  "https://www.googleapis.com/auth/logging.write",
                  "https://www.googleapis.com/auth/monitoring"
                ],
                "preemptible": false,
                "service_account": "default",
                "shielded_instance_config": [
                  {
                    "enable_integrity_monitoring": true,
                    "enable_secure_boot": false
                  }
                ],
                "tags": [
                  "gke-node",
                  "nono-gke"
                ],
                "taint": [],
                "workload_metadata_config": []
              }
            ],
            "node_count": 1,
            "node_locations": [
              "us-central1-a",
              "us-central1-b",
              "us-central1-f"
            ],
            "project": "blabbertabber",
            "timeouts": null,
            "upgrade_settings": [
              {
                "max_surge": 1,
                "max_unavailable": 0
              }
            ],
            "version": "1.19.9-gke.1900"
          },
          "sensitive_attributes": [],
          "private": "eyJlMmJmYjczMC1lY2FhLTExZTYtOGY4OC0zNDM2M2JjN2M0YzAiOnsiY3JlYXRlIjoxODAwMDAwMDAwMDAwLCJkZWxldGUiOjE4MDAwMDAwMDAwMDAsInVwZGF0ZSI6MTgwMDAwMDAwMDAwMH0sInNjaGVtYV92ZXJzaW9uIjoiMSJ9",
          "dependencies": [
            "google_compute_network.vpc",
            "google_compute_subnetwork.subnet",
            "google_container_cluster.primary"
          ]
        }
      ]
    }
  ]
}
